
Microsoft Visual Studio Solution File, Format Version 12.00
# Visual Studio Version 17
VisualStudioVersion = 17.4.33110.190
MinimumVisualStudioVersion = 10.0.40219.1
Project("{FAE04EC0-301F-11D3-BF4B-00C04F79EFBC}") = "proiect_mari_claudiu", "proiect_mari_claudiu\proiect_mari_claudiu.csproj", "{51CF6218-0927-4E5C-A565-6E9F8556D01B}"
EndProject
Global
	GlobalSection(SolutionConfigurationPlatforms) = preSolution
		Debug|Any CPU = Debug|Any CPU
		Release|Any CPU = Release|Any CPU
	EndGlobalSection
	GlobalSection(ProjectConfigurationPlatforms) = postSolution
		{51CF6218-0927-4E5C-A565-6E9F8556D01B}.Debug|Any CPU.ActiveCfg = Debug|Any CPU
		{51CF6218-0927-4E5C-A565-6E9F8556D01B}.Debug|Any CPU.Build.0 = Debug|Any CPU
		{51CF6218-0927-4E5C-A565-6E9F8556D01B}.Release|Any CPU.ActiveCfg = Release|Any CPU
		{51CF6218-0927-4E5C-A565-6E9F8556D01B}.Release|Any CPU.Build.0 = Release|Any CPU
	EndGlobalSection
	GlobalSection(SolutionProperties) = preSolution
		HideSolutionNode = FALSE
	EndGlobalSection
	GlobalSection(ExtensibilityGlobals) = postSolution
		SolutionGuid = {F95FB290-005F-4193-ACAB-355238CBC4EC}
	EndGlobalSection
EndGlobal
